
Microsoft Visual Studio Solution File, Format Version 12.00
# Visual Studio Version 17
VisualStudioVersion = 17.1.32210.238
MinimumVisualStudioVersion = 10.0.40219.1
Project("{FAE04EC0-301F-11D3-BF4B-00C04F79EFBC}") = "Welldium.Exploration.API", "Welldium.Exploration.API\Welldium.Exploration.API.csproj", "{AC25E443-5C16-4577-82F2-0DAFFED9AEDA}"
EndProject
Project("{FAE04EC0-301F-11D3-BF4B-00C04F79EFBC}") = "Welldium.Exploration.Domain", "Welldium.Exploration.Domain\Welldium.Exploration.Domain.csproj", "{A34D218F-DECE-400E-B0C7-D2646211F321}"
EndProject
Project("{FAE04EC0-301F-11D3-BF4B-00C04F79EFBC}") = "Welldium.Exploration.Storage", "Welldium.Exploration.Storage\Welldium.Exploration.Storage.csproj", "{1AE02127-1D89-4608-99DC-3E681114BB12}"
EndProject
Global
	GlobalSection(SolutionConfigurationPlatforms) = preSolution
		Debug|Any CPU = Debug|Any CPU
		Release|Any CPU = Release|Any CPU
	EndGlobalSection
	GlobalSection(ProjectConfigurationPlatforms) = postSolution
		{AC25E443-5C16-4577-82F2-0DAFFED9AEDA}.Debug|Any CPU.ActiveCfg = Debug|Any CPU
		{AC25E443-5C16-4577-82F2-0DAFFED9AEDA}.Debug|Any CPU.Build.0 = Debug|Any CPU
		{AC25E443-5C16-4577-82F2-0DAFFED9AEDA}.Release|Any CPU.ActiveCfg = Release|Any CPU
		{AC25E443-5C16-4577-82F2-0DAFFED9AEDA}.Release|Any CPU.Build.0 = Release|Any CPU
		{A34D218F-DECE-400E-B0C7-D2646211F321}.Debug|Any CPU.ActiveCfg = Debug|Any CPU
		{A34D218F-DECE-400E-B0C7-D2646211F321}.Debug|Any CPU.Build.0 = Debug|Any CPU
		{A34D218F-DECE-400E-B0C7-D2646211F321}.Release|Any CPU.ActiveCfg = Release|Any CPU
		{A34D218F-DECE-400E-B0C7-D2646211F321}.Release|Any CPU.Build.0 = Release|Any CPU
		{1AE02127-1D89-4608-99DC-3E681114BB12}.Debug|Any CPU.ActiveCfg = Debug|Any CPU
		{1AE02127-1D89-4608-99DC-3E681114BB12}.Debug|Any CPU.Build.0 = Debug|Any CPU
		{1AE02127-1D89-4608-99DC-3E681114BB12}.Release|Any CPU.ActiveCfg = Release|Any CPU
		{1AE02127-1D89-4608-99DC-3E681114BB12}.Release|Any CPU.Build.0 = Release|Any CPU
	EndGlobalSection
	GlobalSection(SolutionProperties) = preSolution
		HideSolutionNode = FALSE
	EndGlobalSection
	GlobalSection(ExtensibilityGlobals) = postSolution
		SolutionGuid = {5F35BCB6-2593-4948-ABBF-BF1F2669CF44}
	EndGlobalSection
EndGlobal
